
Microsoft Visual Studio Solution File, Format Version 12.00
Project("{FAE04EC0-301F-11D3-BF4B-00C04F79EFBC}") = "Host", "Host\Host.csproj", "{72DECA16-B33F-439B-B9D6-BEE9A991CBA0}"
EndProject
Project("{FAE04EC0-301F-11D3-BF4B-00C04F79EFBC}") = "Domain", "Domain\Domain.csproj", "{F7612E33-5960-4CC1-84DC-D4637C8D8F50}"
EndProject
Global
	GlobalSection(SolutionConfigurationPlatforms) = preSolution
		Debug|Any CPU = Debug|Any CPU
		Release|Any CPU = Release|Any CPU
	EndGlobalSection
	GlobalSection(ProjectConfigurationPlatforms) = postSolution
		{72DECA16-B33F-439B-B9D6-BEE9A991CBA0}.Debug|Any CPU.ActiveCfg = Debug|Any CPU
		{72DECA16-B33F-439B-B9D6-BEE9A991CBA0}.Debug|Any CPU.Build.0 = Debug|Any CPU
		{72DECA16-B33F-439B-B9D6-BEE9A991CBA0}.Release|Any CPU.ActiveCfg = Release|Any CPU
		{72DECA16-B33F-439B-B9D6-BEE9A991CBA0}.Release|Any CPU.Build.0 = Release|Any CPU
		{F7612E33-5960-4CC1-84DC-D4637C8D8F50}.Debug|Any CPU.ActiveCfg = Debug|Any CPU
		{F7612E33-5960-4CC1-84DC-D4637C8D8F50}.Debug|Any CPU.Build.0 = Debug|Any CPU
		{F7612E33-5960-4CC1-84DC-D4637C8D8F50}.Release|Any CPU.ActiveCfg = Release|Any CPU
		{F7612E33-5960-4CC1-84DC-D4637C8D8F50}.Release|Any CPU.Build.0 = Release|Any CPU
	EndGlobalSection
EndGlobal
